
Microsoft Visual Studio Solution File, Format Version 12.00
# Visual Studio 15
VisualStudioVersion = 15.0.26403.7
MinimumVisualStudioVersion = 10.0.40219.1
Project("{FAE04EC0-301F-11D3-BF4B-00C04F79EFBC}") = "KitchenCloud", "KitchenCloud\KitchenCloud.csproj", "{5603095D-FA69-4879-A62E-A34CACF9FE56}"
EndProject
Project("{FAE04EC0-301F-11D3-BF4B-00C04F79EFBC}") = "KitchenCloudEntitiesHandler", "KitchenCloudEntitiesHandler\KitchenCloudEntitiesHandler.csproj", "{645BE669-D749-4290-97C4-7D0537065C1F}"
EndProject
Project("{FAE04EC0-301F-11D3-BF4B-00C04F79EFBC}") = "KitchenCloudAPI", "KitchenCloudAPI\KitchenCloudAPI.csproj", "{DF103231-02A4-4B72-B608-50748E537D8E}"
EndProject
Project("{FAE04EC0-301F-11D3-BF4B-00C04F79EFBC}") = "KitchenCloudEntities", "KitchenCloudEntities\KitchenCloudEntities.csproj", "{A5649B2A-E4D3-4EC8-8158-374E540C9A51}"
EndProject
Global
	GlobalSection(SolutionConfigurationPlatforms) = preSolution
		Debug|Any CPU = Debug|Any CPU
		Release|Any CPU = Release|Any CPU
	EndGlobalSection
	GlobalSection(ProjectConfigurationPlatforms) = postSolution
		{5603095D-FA69-4879-A62E-A34CACF9FE56}.Debug|Any CPU.ActiveCfg = Debug|Any CPU
		{5603095D-FA69-4879-A62E-A34CACF9FE56}.Debug|Any CPU.Build.0 = Debug|Any CPU
		{5603095D-FA69-4879-A62E-A34CACF9FE56}.Release|Any CPU.ActiveCfg = Release|Any CPU
		{5603095D-FA69-4879-A62E-A34CACF9FE56}.Release|Any CPU.Build.0 = Release|Any CPU
		{645BE669-D749-4290-97C4-7D0537065C1F}.Debug|Any CPU.ActiveCfg = Debug|Any CPU
		{645BE669-D749-4290-97C4-7D0537065C1F}.Debug|Any CPU.Build.0 = Debug|Any CPU
		{645BE669-D749-4290-97C4-7D0537065C1F}.Release|Any CPU.ActiveCfg = Release|Any CPU
		{645BE669-D749-4290-97C4-7D0537065C1F}.Release|Any CPU.Build.0 = Release|Any CPU
		{DF103231-02A4-4B72-B608-50748E537D8E}.Debug|Any CPU.ActiveCfg = Debug|Any CPU
		{DF103231-02A4-4B72-B608-50748E537D8E}.Debug|Any CPU.Build.0 = Debug|Any CPU
		{DF103231-02A4-4B72-B608-50748E537D8E}.Release|Any CPU.ActiveCfg = Release|Any CPU
		{DF103231-02A4-4B72-B608-50748E537D8E}.Release|Any CPU.Build.0 = Release|Any CPU
		{A5649B2A-E4D3-4EC8-8158-374E540C9A51}.Debug|Any CPU.ActiveCfg = Debug|Any CPU
		{A5649B2A-E4D3-4EC8-8158-374E540C9A51}.Debug|Any CPU.Build.0 = Debug|Any CPU
		{A5649B2A-E4D3-4EC8-8158-374E540C9A51}.Release|Any CPU.ActiveCfg = Release|Any CPU
		{A5649B2A-E4D3-4EC8-8158-374E540C9A51}.Release|Any CPU.Build.0 = Release|Any CPU
	EndGlobalSection
	GlobalSection(SolutionProperties) = preSolution
		HideSolutionNode = FALSE
	EndGlobalSection
EndGlobal
